// !$*UTF8*$!
{
	archiveVersion = 1;
	classes = {
	};
	objectVersion = 55;
	objects = {

/* Begin PBXBuildFile section */
		7042D2122875531A005FEB94 /* AppDelegate.swift in Sources */ = {isa = PBXBuildFile; fileRef = 7042D2112875531A005FEB94 /* AppDelegate.swift */; };
		7042D2142875531A005FEB94 /* SceneDelegate.swift in Sources */ = {isa = PBXBuildFile; fileRef = 7042D2132875531A005FEB94 /* SceneDelegate.swift */; };
		7042D2162875531A005FEB94 /* MainViewController.swift in Sources */ = {isa = PBXBuildFile; fileRef = 7042D2152875531A005FEB94 /* MainViewController.swift */; };
		7042D2192875531A005FEB94 /* Main.storyboard in Resources */ = {isa = PBXBuildFile; fileRef = 7042D2172875531A005FEB94 /* Main.storyboard */; };
		7042D21B2875531C005FEB94 /* Assets.xcassets in Resources */ = {isa = PBXBuildFile; fileRef = 7042D21A2875531C005FEB94 /* Assets.xcassets */; };
		7042D21E2875531C005FEB94 /* LaunchScreen.storyboard in Resources */ = {isa = PBXBuildFile; fileRef = 7042D21C2875531C005FEB94 /* LaunchScreen.storyboard */; };
		70E328DD2875956000205792 /* NewsItemTableViewCell.swift in Sources */ = {isa = PBXBuildFile; fileRef = 70E328DB2875956000205792 /* NewsItemTableViewCell.swift */; };
		70E328DE2875956000205792 /* NewsItemTableViewCell.xib in Resources */ = {isa = PBXBuildFile; fileRef = 70E328DC2875956000205792 /* NewsItemTableViewCell.xib */; };
		70E328E02875ABF100205792 /* Constants.swift in Sources */ = {isa = PBXBuildFile; fileRef = 70E328DF2875ABF100205792 /* Constants.swift */; };
		70E328E52875CD4F00205792 /* NewsData.swift in Sources */ = {isa = PBXBuildFile; fileRef = 70E328E42875CD4F00205792 /* NewsData.swift */; };
		70E328E72875CD6C00205792 /* NewsManager.swift in Sources */ = {isa = PBXBuildFile; fileRef = 70E328E62875CD6C00205792 /* NewsManager.swift */; };
		70E328E92875D53A00205792 /* NewsViewController.swift in Sources */ = {isa = PBXBuildFile; fileRef = 70E328E82875D53A00205792 /* NewsViewController.swift */; };
/* End PBXBuildFile section */

/* Begin PBXFileReference section */
		7042D20E2875531A005FEB94 /* NewsApp.app */ = {isa = PBXFileReference; explicitFileType = wrapper.application; includeInIndex = 0; path = NewsApp.app; sourceTree = BUILT_PRODUCTS_DIR; };
		7042D2112875531A005FEB94 /* AppDelegate.swift */ = {isa = PBXFileReference; lastKnownFileType = sourcecode.swift; path = AppDelegate.swift; sourceTree = "<group>"; };
		7042D2132875531A005FEB94 /* SceneDelegate.swift */ = {isa = PBXFileReference; lastKnownFileType = sourcecode.swift; path = SceneDelegate.swift; sourceTree = "<group>"; };
		7042D2152875531A005FEB94 /* MainViewController.swift */ = {isa = PBXFileReference; lastKnownFileType = sourcecode.swift; path = MainViewController.swift; sourceTree = "<group>"; };
		7042D2182875531A005FEB94 /* Base */ = {isa = PBXFileReference; lastKnownFileType = file.storyboard; name = Base; path = Base.lproj/Main.storyboard; sourceTree = "<group>"; };
		7042D21A2875531C005FEB94 /* Assets.xcassets */ = {isa = PBXFileReference; lastKnownFileType = folder.assetcatalog; path = Assets.xcassets; sourceTree = "<group>"; };
		7042D21D2875531C005FEB94 /* Base */ = {isa = PBXFileReference; lastKnownFileType = file.storyboard; name = Base; path = Base.lproj/LaunchScreen.storyboard; sourceTree = "<group>"; };
		7042D21F2875531C005FEB94 /* Info.plist */ = {isa = PBXFileReference; lastKnownFileType = text.plist.xml; path = Info.plist; sourceTree = "<group>"; };
		70E328DB2875956000205792 /* NewsItemTableViewCell.swift */ = {isa = PBXFileReference; lastKnownFileType = sourcecode.swift; path = NewsItemTableViewCell.swift; sourceTree = "<group>"; };
		70E328DC2875956000205792 /* NewsItemTableViewCell.xib */ = {isa = PBXFileReference; lastKnownFileType = file.xib; path = NewsItemTableViewCell.xib; sourceTree = "<group>"; };
		70E328DF2875ABF100205792 /* Constants.swift */ = {isa = PBXFileReference; lastKnownFileType = sourcecode.swift; path = Constants.swift; sourceTree = "<group>"; };
		70E328E42875CD4F00205792 /* NewsData.swift */ = {isa = PBXFileReference; lastKnownFileType = sourcecode.swift; path = NewsData.swift; sourceTree = "<group>"; };
		70E328E62875CD6C00205792 /* NewsManager.swift */ = {isa = PBXFileReference; lastKnownFileType = sourcecode.swift; path = NewsManager.swift; sourceTree = "<group>"; };
		70E328E82875D53A00205792 /* NewsViewController.swift */ = {isa = PBXFileReference; lastKnownFileType = sourcecode.swift; path = NewsViewController.swift; sourceTree = "<group>"; };
/* End PBXFileReference section */

/* Begin PBXFrameworksBuildPhase section */
		7042D20B2875531A005FEB94 /* Frameworks */ = {
			isa = PBXFrameworksBuildPhase;
			buildActionMask = 2147483647;
			files = (
			);
			runOnlyForDeploymentPostprocessing = 0;
		};
/* End PBXFrameworksBuildPhase section */

/* Begin PBXGroup section */
		7042D2052875531A005FEB94 = {
			isa = PBXGroup;
			children = (
				7042D2102875531A005FEB94 /* NewsApp */,
				7042D20F2875531A005FEB94 /* Products */,
			);
			sourceTree = "<group>";
		};
		7042D20F2875531A005FEB94 /* Products */ = {
			isa = PBXGroup;
			children = (
				7042D20E2875531A005FEB94 /* NewsApp.app */,
			);
			name = Products;
			sourceTree = "<group>";
		};
		7042D2102875531A005FEB94 /* NewsApp */ = {
			isa = PBXGroup;
			children = (
				7042D2112875531A005FEB94 /* AppDelegate.swift */,
				7042D2132875531A005FEB94 /* SceneDelegate.swift */,
				70E328E12875AF2100205792 /* Model */,
				70E328DA287583C000205792 /* Views */,
				70E328D92875838100205792 /* Controllers */,
				7042D21A2875531C005FEB94 /* Assets.xcassets */,
				7042D21C2875531C005FEB94 /* LaunchScreen.storyboard */,
				7042D21F2875531C005FEB94 /* Info.plist */,
				70E328DF2875ABF100205792 /* Constants.swift */,
			);
			path = NewsApp;
			sourceTree = "<group>";
		};
		70E328D92875838100205792 /* Controllers */ = {
			isa = PBXGroup;
			children = (
				7042D2152875531A005FEB94 /* MainViewController.swift */,
				70E328E82875D53A00205792 /* NewsViewController.swift */,
			);
			name = Controllers;
			sourceTree = "<group>";
		};
		70E328DA287583C000205792 /* Views */ = {
			isa = PBXGroup;
			children = (
				7042D2172875531A005FEB94 /* Main.storyboard */,
				70E328DB2875956000205792 /* NewsItemTableViewCell.swift */,
				70E328DC2875956000205792 /* NewsItemTableViewCell.xib */,
			);
			name = Views;
			sourceTree = "<group>";
		};
		70E328E12875AF2100205792 /* Model */ = {
			isa = PBXGroup;
			children = (
				70E328E62875CD6C00205792 /* NewsManager.swift */,
				70E328E42875CD4F00205792 /* NewsData.swift */,
			);
			name = Model;
			sourceTree = "<group>";
		};
/* End PBXGroup section */

/* Begin PBXNativeTarget section */
		7042D20D2875531A005FEB94 /* NewsApp */ = {
			isa = PBXNativeTarget;
			buildConfigurationList = 7042D2222875531C005FEB94 /* Build configuration list for PBXNativeTarget "NewsApp" */;
			buildPhases = (
				7042D20A2875531A005FEB94 /* Sources */,
				7042D20B2875531A005FEB94 /* Frameworks */,
				7042D20C2875531A005FEB94 /* Resources */,
			);
			buildRules = (
			);
			dependencies = (
			);
			name = NewsApp;
			productName = NewsApp;
			productReference = 7042D20E2875531A005FEB94 /* NewsApp.app */;
			productType = "com.apple.product-type.application";
		};
/* End PBXNativeTarget section */

/* Begin PBXProject section */
		7042D2062875531A005FEB94 /* Project object */ = {
			isa = PBXProject;
			attributes = {
				BuildIndependentTargetsInParallel = 1;
				LastSwiftUpdateCheck = 1340;
				LastUpgradeCheck = 1340;
				TargetAttributes = {
					7042D20D2875531A005FEB94 = {
						CreatedOnToolsVersion = 13.4.1;
					};
				};
			};
			buildConfigurationList = 7042D2092875531A005FEB94 /* Build configuration list for PBXProject "NewsApp" */;
			compatibilityVersion = "Xcode 13.0";
			developmentRegion = en;
			hasScannedForEncodings = 0;
			knownRegions = (
				en,
				Base,
			);
			mainGroup = 7042D2052875531A005FEB94;
			productRefGroup = 7042D20F2875531A005FEB94 /* Products */;
			projectDirPath = "";
			projectRoot = "";
			targets = (
				7042D20D2875531A005FEB94 /* NewsApp */,
			);
		};
/* End PBXProject section */

/* Begin PBXResourcesBuildPhase section */
		7042D20C2875531A005FEB94 /* Resources */ = {
			isa = PBXResourcesBuildPhase;
			buildActionMask = 2147483647;
			files = (
				7042D21E2875531C005FEB94 /* LaunchScreen.storyboard in Resources */,
				70E328DE2875956000205792 /* NewsItemTableViewCell.xib in Resources */,
				7042D21B2875531C005FEB94 /* Assets.xcassets in Resources */,
				7042D2192875531A005FEB94 /* Main.storyboard in Resources */,
			);
			runOnlyForDeploymentPostprocessing = 0;
		};
/* End PBXResourcesBuildPhase section */

/* Begin PBXSourcesBuildPhase section */
		7042D20A2875531A005FEB94 /* Sources */ = {
			isa = PBXSourcesBuildPhase;
			buildActionMask = 2147483647;
			files = (
				70E328E02875ABF100205792 /* Constants.swift in Sources */,
				7042D2162875531A005FEB94 /* MainViewController.swift in Sources */,
				70E328E52875CD4F00205792 /* NewsData.swift in Sources */,
				70E328DD2875956000205792 /* NewsItemTableViewCell.swift in Sources */,
				7042D2122875531A005FEB94 /* AppDelegate.swift in Sources */,
				70E328E72875CD6C00205792 /* NewsManager.swift in Sources */,
				7042D2142875531A005FEB94 /* SceneDelegate.swift in Sources */,
				70E328E92875D53A00205792 /* NewsViewController.swift in Sources */,
			);
			runOnlyForDeploymentPostprocessing = 0;
		};
/* End PBXSourcesBuildPhase section */

/* Begin PBXVariantGroup section */
		7042D2172875531A005FEB94 /* Main.storyboard */ = {
			isa = PBXVariantGroup;
			children = (
				7042D2182875531A005FEB94 /* Base */,
			);
			name = Main.storyboard;
			sourceTree = "<group>";
		};
		7042D21C2875531C005FEB94 /* LaunchScreen.storyboard */ = {
			isa = PBXVariantGroup;
			children = (
				7042D21D2875531C005FEB94 /* Base */,
			);
			name = LaunchScreen.storyboard;
			sourceTree = "<group>";
		};
/* End PBXVariantGroup section */

/* Begin XCBuildConfiguration section */
		7042D2202875531C005FEB94 /* Debug */ = {
			isa = XCBuildConfiguration;
			buildSettings = {
				ALWAYS_SEARCH_USER_PATHS = NO;
				CLANG_ANALYZER_NONNULL = YES;
				CLANG_ANALYZER_NUMBER_OBJECT_CONVERSION = YES_AGGRESSIVE;
				CLANG_CXX_LANGUAGE_STANDARD = "gnu++17";
				CLANG_ENABLE_MODULES = YES;
				CLANG_ENABLE_OBJC_ARC = YES;
				CLANG_ENABLE_OBJC_WEAK = YES;
				CLANG_WARN_BLOCK_CAPTURE_AUTORELEASING = YES;
				CLANG_WARN_BOOL_CONVERSION = YES;
				CLANG_WARN_COMMA = YES;
				CLANG_WARN_CONSTANT_CONVERSION = YES;
				CLANG_WARN_DEPRECATED_OBJC_IMPLEMENTATIONS = YES;
				CLANG_WARN_DIRECT_OBJC_ISA_USAGE = YES_ERROR;
				CLANG_WARN_DOCUMENTATION_COMMENTS = YES;
				CLANG_WARN_EMPTY_BODY = YES;
				CLANG_WARN_ENUM_CONVERSION = YES;
				CLANG_WARN_INFINITE_RECURSION = YES;
				CLANG_WARN_INT_CONVERSION = YES;
				CLANG_WARN_NON_LITERAL_NULL_CONVERSION = YES;
				CLANG_WARN_OBJC_IMPLICIT_RETAIN_SELF = YES;
				CLANG_WARN_OBJC_LITERAL_CONVERSION = YES;
				CLANG_WARN_OBJC_ROOT_CLASS = YES_ERROR;
				CLANG_WARN_QUOTED_INCLUDE_IN_FRAMEWORK_HEADER = YES;
				CLANG_WARN_RANGE_LOOP_ANALYSIS = YES;
				CLANG_WARN_STRICT_PROTOTYPES = YES;
				CLANG_WARN_SUSPICIOUS_MOVE = YES;
				CLANG_WARN_UNGUARDED_AVAILABILITY = YES_AGGRESSIVE;
				CLANG_WARN_UNREACHABLE_CODE = YES;
				CLANG_WARN__DUPLICATE_METHOD_MATCH = YES;
				COPY_PHASE_STRIP = NO;
				DEBUG_INFORMATION_FORMAT = dwarf;
				ENABLE_STRICT_OBJC_MSGSEND = YES;
				ENABLE_TESTABILITY = YES;
				GCC_C_LANGUAGE_STANDARD = gnu11;
				GCC_DYNAMIC_NO_PIC = NO;
				GCC_NO_COMMON_BLOCKS = YES;
				GCC_OPTIMIZATION_LEVEL = 0;
				GCC_PREPROCESSOR_DEFINITIONS = (
					"DEBUG=1",
					"$(inherited)",
				);
				GCC_WARN_64_TO_32_BIT_CONVERSION = YES;
				GCC_WARN_ABOUT_RETURN_TYPE = YES_ERROR;
				GCC_WARN_UNDECLARED_SELECTOR = YES;
				GCC_WARN_UNINITIALIZED_AUTOS = YES_AGGRESSIVE;
				GCC_WARN_UNUSED_FUNCTION = YES;
				GCC_WARN_UNUSED_VARIABLE = YES;
				IPHONEOS_DEPLOYMENT_TARGET = 15.5;
				MTL_ENABLE_DEBUG_INFO = INCLUDE_SOURCE;
				MTL_FAST_MATH = YES;
				ONLY_ACTIVE_ARCH = YES;
				SDKROOT = iphoneos;
				SWIFT_ACTIVE_COMPILATION_CONDITIONS = DEBUG;
				SWIFT_OPTIMIZATION_LEVEL = "-Onone";
			};
			name = Debug;
		};
		7042D2212875531C005FEB94 /* Release */ = {
			isa = XCBuildConfiguration;
			buildSettings = {
				ALWAYS_SEARCH_USER_PATHS = NO;
				CLANG_ANALYZER_NONNULL = YES;
				CLANG_ANALYZER_NUMBER_OBJECT_CONVERSION = YES_AGGRESSIVE;
				CLANG_CXX_LANGUAGE_STANDARD = "gnu++17";
				CLANG_ENABLE_MODULES = YES;
				CLANG_ENABLE_OBJC_ARC = YES;
				CLANG_ENABLE_OBJC_WEAK = YES;
				CLANG_WARN_BLOCK_CAPTURE_AUTORELEASING = YES;
				CLANG_WARN_BOOL_CONVERSION = YES;
				CLANG_WARN_COMMA = YES;
				CLANG_WARN_CONSTANT_CONVERSION = YES;
				CLANG_WARN_DEPRECATED_OBJC_IMPLEMENTATIONS = YES;
				CLANG_WARN_DIRECT_OBJC_ISA_USAGE = YES_ERROR;
				CLANG_WARN_DOCUMENTATION_COMMENTS = YES;
				CLANG_WARN_EMPTY_BODY = YES;
				CLANG_WARN_ENUM_CONVERSION = YES;
				CLANG_WARN_INFINITE_RECURSION = YES;
				CLANG_WARN_INT_CONVERSION = YES;
				CLANG_WARN_NON_LITERAL_NULL_CONVERSION = YES;
				CLANG_WARN_OBJC_IMPLICIT_RETAIN_SELF = YES;
				CLANG_WARN_OBJC_LITERAL_CONVERSION = YES;
				CLANG_WARN_OBJC_ROOT_CLASS = YES_ERROR;
				CLANG_WARN_QUOTED_INCLUDE_IN_FRAMEWORK_HEADER = YES;
				CLANG_WARN_RANGE_LOOP_ANALYSIS = YES;
				CLANG_WARN_STRICT_PROTOTYPES = YES;
				CLANG_WARN_SUSPICIOUS_MOVE = YES;
				CLANG_WARN_UNGUARDED_AVAILABILITY = YES_AGGRESSIVE;
				CLANG_WARN_UNREACHABLE_CODE = YES;
				CLANG_WARN__DUPLICATE_METHOD_MATCH = YES;
				COPY_PHASE_STRIP = NO;
				DEBUG_INFORMATION_FORMAT = "dwarf-with-dsym";
				ENABLE_NS_ASSERTIONS = NO;
				ENABLE_STRICT_OBJC_MSGSEND = YES;
				GCC_C_LANGUAGE_STANDARD = gnu11;
				GCC_NO_COMMON_BLOCKS = YES;
				GCC_WARN_64_TO_32_BIT_CONVERSION = YES;
				GCC_WARN_ABOUT_RETURN_TYPE = YES_ERROR;
				GCC_WARN_UNDECLARED_SELECTOR = YES;
				GCC_WARN_UNINITIALIZED_AUTOS = YES_AGGRESSIVE;
				GCC_WARN_UNUSED_FUNCTION = YES;
				GCC_WARN_UNUSED_VARIABLE = YES;
				IPHONEOS_DEPLOYMENT_TARGET = 15.5;
				MTL_ENABLE_DEBUG_INFO = NO;
				MTL_FAST_MATH = YES;
				SDKROOT = iphoneos;
				SWIFT_COMPILATION_MODE = wholemodule;
				SWIFT_OPTIMIZATION_LEVEL = "-O";
				VALIDATE_PRODUCT = YES;
			};
			name = Release;
		};
		7042D2232875531C005FEB94 /* Debug */ = {
			isa = XCBuildConfiguration;
			buildSettings = {
				ASSETCATALOG_COMPILER_APPICON_NAME = AppIcon;
				ASSETCATALOG_COMPILER_GLOBAL_ACCENT_COLOR_NAME = AccentColor;
				CODE_SIGN_STYLE = Automatic;
				CURRENT_PROJECT_VERSION = 1;
				GENERATE_INFOPLIST_FILE = YES;
				INFOPLIST_FILE = NewsApp/Info.plist;
				INFOPLIST_KEY_UIApplicationSupportsIndirectInputEvents = YES;
				INFOPLIST_KEY_UILaunchStoryboardName = LaunchScreen;
				INFOPLIST_KEY_UIMainStoryboardFile = Main;
				INFOPLIST_KEY_UISupportedInterfaceOrientations_iPad = "UIInterfaceOrientationPortrait UIInterfaceOrientationPortraitUpsideDown UIInterfaceOrientationLandscapeLeft UIInterfaceOrientationLandscapeRight";
				INFOPLIST_KEY_UISupportedInterfaceOrientations_iPhone = "UIInterfaceOrientationPortrait UIInterfaceOrientationLandscapeLeft UIInterfaceOrientationLandscapeRight";
				LD_RUNPATH_SEARCH_PATHS = (
					"$(inherited)",
					"@executable_path/Frameworks",
				);
				MARKETING_VERSION = 1.0;
				PRODUCT_BUNDLE_IDENTIFIER = co.theTopG.NewsApp;
				PRODUCT_NAME = "$(TARGET_NAME)";
				SWIFT_EMIT_LOC_STRINGS = YES;
				SWIFT_VERSION = 5.0;
				TARGETED_DEVICE_FAMILY = "1,2";
			};
			name = Debug;
		};
		7042D2242875531C005FEB94 /* Release */ = {
			isa = XCBuildConfiguration;
			buildSettings = {
				ASSETCATALOG_COMPILER_APPICON_NAME = AppIcon;
				ASSETCATALOG_COMPILER_GLOBAL_ACCENT_COLOR_NAME = AccentColor;
				CODE_SIGN_STYLE = Automatic;
				CURRENT_PROJECT_VERSION = 1;
				GENERATE_INFOPLIST_FILE = YES;
				INFOPLIST_FILE = NewsApp/Info.plist;
				INFOPLIST_KEY_UIApplicationSupportsIndirectInputEvents = YES;
				INFOPLIST_KEY_UILaunchStoryboardName = LaunchScreen;
				INFOPLIST_KEY_UIMainStoryboardFile = Main;
				INFOPLIST_KEY_UISupportedInterfaceOrientations_iPad = "UIInterfaceOrientationPortrait UIInterfaceOrientationPortraitUpsideDown UIInterfaceOrientationLandscapeLeft UIInterfaceOrientationLandscapeRight";
				INFOPLIST_KEY_UISupportedInterfaceOrientations_iPhone = "UIInterfaceOrientationPortrait UIInterfaceOrientationLandscapeLeft UIInterfaceOrientationLandscapeRight";
				LD_RUNPATH_SEARCH_PATHS = (
					"$(inherited)",
					"@executable_path/Frameworks",
				);
				MARKETING_VERSION = 1.0;
				PRODUCT_BUNDLE_IDENTIFIER = co.theTopG.NewsApp;
				PRODUCT_NAME = "$(TARGET_NAME)";
				SWIFT_EMIT_LOC_STRINGS = YES;
				SWIFT_VERSION = 5.0;
				TARGETED_DEVICE_FAMILY = "1,2";
			};
			name = Release;
		};
/* End XCBuildConfiguration section */

/* Begin XCConfigurationList section */
		7042D2092875531A005FEB94 /* Build configuration list for PBXProject "NewsApp" */ = {
			isa = XCConfigurationList;
			buildConfigurations = (
				7042D2202875531C005FEB94 /* Debug */,
				7042D2212875531C005FEB94 /* Release */,
			);
			defaultConfigurationIsVisible = 0;
			defaultConfigurationName = Release;
		};
		7042D2222875531C005FEB94 /* Build configuration list for PBXNativeTarget "NewsApp" */ = {
			isa = XCConfigurationList;
			buildConfigurations = (
				7042D2232875531C005FEB94 /* Debug */,
				7042D2242875531C005FEB94 /* Release */,
			);
			defaultConfigurationIsVisible = 0;
			defaultConfigurationName = Release;
		};
/* End XCConfigurationList section */
	};
	rootObject = 7042D2062875531A005FEB94 /* Project object */;
}
